
Microsoft Visual Studio Solution File, Format Version 12.00
# Visual Studio 15
VisualStudioVersion = 15.0.26430.13
MinimumVisualStudioVersion = 10.0.40219.1
Project("{2150E333-8FDC-42A3-9474-1A3956D46DE8}") = "JTL", "JTL", "{27D782EE-A36E-450A-AC72-582FB6122719}"
EndProject
Project("{8BC9CEB8-8B4A-11D0-8D11-00A0C91BC942}") = "J_Utilities", "J_Utilities\J_Utilities.vcxproj", "{B8A598C0-B96C-4596-9D4C-57E4D222F5B0}"
EndProject
Project("{8BC9CEB8-8B4A-11D0-8D11-00A0C91BC942}") = "movewindow", "movewindow\movewindow.vcxproj", "{17E73D7A-826C-44EA-BE1D-76E21093AE43}"
	ProjectSection(ProjectDependencies) = postProject
		{04910267-5E21-4AEE-BDEE-E282854C9C80} = {04910267-5E21-4AEE-BDEE-E282854C9C80}
		{9A39DC98-907F-408A-BF72-2804D1DAE446} = {9A39DC98-907F-408A-BF72-2804D1DAE446}
	EndProjectSection
EndProject
Project("{888888A0-9F3D-457C-B088-3A5042F75D52}") = "Python_Scripts", "Python_Scripts\Python_Scripts.pyproj", "{50FA1D9F-E24B-4AB4-973A-F5873055E725}"
EndProject
Project("{8BC9CEB8-8B4A-11D0-8D11-00A0C91BC942}") = "J_Application", "..\JTL\J_Application\J_Application.vcxproj", "{04910267-5E21-4AEE-BDEE-E282854C9C80}"
EndProject
Project("{8BC9CEB8-8B4A-11D0-8D11-00A0C91BC942}") = "j_windows", "..\JTL\j_windows\j_windows.vcxproj", "{9A39DC98-907F-408A-BF72-2804D1DAE446}"
EndProject
Global
	GlobalSection(SolutionConfigurationPlatforms) = preSolution
		Debug|Any CPU = Debug|Any CPU
		Debug|x64 = Debug|x64
		Debug|x86 = Debug|x86
		DebugDLL|Any CPU = DebugDLL|Any CPU
		DebugDLL|x64 = DebugDLL|x64
		DebugDLL|x86 = DebugDLL|x86
		DebugStatic|Any CPU = DebugStatic|Any CPU
		DebugStatic|x64 = DebugStatic|x64
		DebugStatic|x86 = DebugStatic|x86
		Release|Any CPU = Release|Any CPU
		Release|x64 = Release|x64
		Release|x86 = Release|x86
		ReleaseDLL|Any CPU = ReleaseDLL|Any CPU
		ReleaseDLL|x64 = ReleaseDLL|x64
		ReleaseDLL|x86 = ReleaseDLL|x86
		ReleaseStatic|Any CPU = ReleaseStatic|Any CPU
		ReleaseStatic|x64 = ReleaseStatic|x64
		ReleaseStatic|x86 = ReleaseStatic|x86
	EndGlobalSection
	GlobalSection(ProjectConfigurationPlatforms) = postSolution
		{B8A598C0-B96C-4596-9D4C-57E4D222F5B0}.Debug|Any CPU.ActiveCfg = Debug|Win32
		{B8A598C0-B96C-4596-9D4C-57E4D222F5B0}.Debug|x64.ActiveCfg = Debug|x64
		{B8A598C0-B96C-4596-9D4C-57E4D222F5B0}.Debug|x64.Build.0 = Debug|x64
		{B8A598C0-B96C-4596-9D4C-57E4D222F5B0}.Debug|x86.ActiveCfg = Debug|Win32
		{B8A598C0-B96C-4596-9D4C-57E4D222F5B0}.Debug|x86.Build.0 = Debug|Win32
		{B8A598C0-B96C-4596-9D4C-57E4D222F5B0}.DebugDLL|Any CPU.ActiveCfg = ReleaseStatic|x64
		{B8A598C0-B96C-4596-9D4C-57E4D222F5B0}.DebugDLL|Any CPU.Build.0 = ReleaseStatic|x64
		{B8A598C0-B96C-4596-9D4C-57E4D222F5B0}.DebugDLL|x64.ActiveCfg = DebugStatic|x64
		{B8A598C0-B96C-4596-9D4C-57E4D222F5B0}.DebugDLL|x64.Build.0 = DebugStatic|x64
		{B8A598C0-B96C-4596-9D4C-57E4D222F5B0}.DebugDLL|x86.ActiveCfg = DebugStatic|Win32
		{B8A598C0-B96C-4596-9D4C-57E4D222F5B0}.DebugDLL|x86.Build.0 = DebugStatic|Win32
		{B8A598C0-B96C-4596-9D4C-57E4D222F5B0}.DebugStatic|Any CPU.ActiveCfg = DebugStatic|Win32
		{B8A598C0-B96C-4596-9D4C-57E4D222F5B0}.DebugStatic|x64.ActiveCfg = DebugStatic|x64
		{B8A598C0-B96C-4596-9D4C-57E4D222F5B0}.DebugStatic|x64.Build.0 = DebugStatic|x64
		{B8A598C0-B96C-4596-9D4C-57E4D222F5B0}.DebugStatic|x86.ActiveCfg = DebugStatic|Win32
		{B8A598C0-B96C-4596-9D4C-57E4D222F5B0}.DebugStatic|x86.Build.0 = DebugStatic|Win32
		{B8A598C0-B96C-4596-9D4C-57E4D222F5B0}.Release|Any CPU.ActiveCfg = Release|Win32
		{B8A598C0-B96C-4596-9D4C-57E4D222F5B0}.Release|x64.ActiveCfg = Release|x64
		{B8A598C0-B96C-4596-9D4C-57E4D222F5B0}.Release|x64.Build.0 = Release|x64
		{B8A598C0-B96C-4596-9D4C-57E4D222F5B0}.Release|x86.ActiveCfg = Release|Win32
		{B8A598C0-B96C-4596-9D4C-57E4D222F5B0}.Release|x86.Build.0 = Release|Win32
		{B8A598C0-B96C-4596-9D4C-57E4D222F5B0}.ReleaseDLL|Any CPU.ActiveCfg = ReleaseStatic|x64
		{B8A598C0-B96C-4596-9D4C-57E4D222F5B0}.ReleaseDLL|Any CPU.Build.0 = ReleaseStatic|x64
		{B8A598C0-B96C-4596-9D4C-57E4D222F5B0}.ReleaseDLL|x64.ActiveCfg = ReleaseStatic|x64
		{B8A598C0-B96C-4596-9D4C-57E4D222F5B0}.ReleaseDLL|x64.Build.0 = ReleaseStatic|x64
		{B8A598C0-B96C-4596-9D4C-57E4D222F5B0}.ReleaseDLL|x86.ActiveCfg = ReleaseStatic|Win32
		{B8A598C0-B96C-4596-9D4C-57E4D222F5B0}.ReleaseDLL|x86.Build.0 = ReleaseStatic|Win32
		{B8A598C0-B96C-4596-9D4C-57E4D222F5B0}.ReleaseStatic|Any CPU.ActiveCfg = ReleaseStatic|Win32
		{B8A598C0-B96C-4596-9D4C-57E4D222F5B0}.ReleaseStatic|x64.ActiveCfg = ReleaseStatic|x64
		{B8A598C0-B96C-4596-9D4C-57E4D222F5B0}.ReleaseStatic|x64.Build.0 = ReleaseStatic|x64
		{B8A598C0-B96C-4596-9D4C-57E4D222F5B0}.ReleaseStatic|x86.ActiveCfg = ReleaseStatic|Win32
		{B8A598C0-B96C-4596-9D4C-57E4D222F5B0}.ReleaseStatic|x86.Build.0 = ReleaseStatic|Win32
		{17E73D7A-826C-44EA-BE1D-76E21093AE43}.Debug|Any CPU.ActiveCfg = Debug|Win32
		{17E73D7A-826C-44EA-BE1D-76E21093AE43}.Debug|x64.ActiveCfg = Debug|x64
		{17E73D7A-826C-44EA-BE1D-76E21093AE43}.Debug|x64.Build.0 = Debug|x64
		{17E73D7A-826C-44EA-BE1D-76E21093AE43}.Debug|x86.ActiveCfg = Debug|Win32
		{17E73D7A-826C-44EA-BE1D-76E21093AE43}.Debug|x86.Build.0 = Debug|Win32
		{17E73D7A-826C-44EA-BE1D-76E21093AE43}.DebugDLL|Any CPU.ActiveCfg = ReleaseStatic|x64
		{17E73D7A-826C-44EA-BE1D-76E21093AE43}.DebugDLL|Any CPU.Build.0 = ReleaseStatic|x64
		{17E73D7A-826C-44EA-BE1D-76E21093AE43}.DebugDLL|x64.ActiveCfg = DebugStatic|x64
		{17E73D7A-826C-44EA-BE1D-76E21093AE43}.DebugDLL|x64.Build.0 = DebugStatic|x64
		{17E73D7A-826C-44EA-BE1D-76E21093AE43}.DebugDLL|x86.ActiveCfg = DebugStatic|Win32
		{17E73D7A-826C-44EA-BE1D-76E21093AE43}.DebugDLL|x86.Build.0 = DebugStatic|Win32
		{17E73D7A-826C-44EA-BE1D-76E21093AE43}.DebugStatic|Any CPU.ActiveCfg = DebugStatic|Win32
		{17E73D7A-826C-44EA-BE1D-76E21093AE43}.DebugStatic|x64.ActiveCfg = DebugStatic|x64
		{17E73D7A-826C-44EA-BE1D-76E21093AE43}.DebugStatic|x64.Build.0 = DebugStatic|x64
		{17E73D7A-826C-44EA-BE1D-76E21093AE43}.DebugStatic|x86.ActiveCfg = DebugStatic|Win32
		{17E73D7A-826C-44EA-BE1D-76E21093AE43}.DebugStatic|x86.Build.0 = DebugStatic|Win32
		{17E73D7A-826C-44EA-BE1D-76E21093AE43}.Release|Any CPU.ActiveCfg = Release|Win32
		{17E73D7A-826C-44EA-BE1D-76E21093AE43}.Release|x64.ActiveCfg = Release|x64
		{17E73D7A-826C-44EA-BE1D-76E21093AE43}.Release|x64.Build.0 = Release|x64
		{17E73D7A-826C-44EA-BE1D-76E21093AE43}.Release|x86.ActiveCfg = Release|Win32
		{17E73D7A-826C-44EA-BE1D-76E21093AE43}.Release|x86.Build.0 = Release|Win32
		{17E73D7A-826C-44EA-BE1D-76E21093AE43}.ReleaseDLL|Any CPU.ActiveCfg = ReleaseStatic|x64
		{17E73D7A-826C-44EA-BE1D-76E21093AE43}.ReleaseDLL|Any CPU.Build.0 = ReleaseStatic|x64
		{17E73D7A-826C-44EA-BE1D-76E21093AE43}.ReleaseDLL|x64.ActiveCfg = ReleaseStatic|x64
		{17E73D7A-826C-44EA-BE1D-76E21093AE43}.ReleaseDLL|x64.Build.0 = ReleaseStatic|x64
		{17E73D7A-826C-44EA-BE1D-76E21093AE43}.ReleaseDLL|x86.ActiveCfg = ReleaseStatic|Win32
		{17E73D7A-826C-44EA-BE1D-76E21093AE43}.ReleaseDLL|x86.Build.0 = ReleaseStatic|Win32
		{17E73D7A-826C-44EA-BE1D-76E21093AE43}.ReleaseStatic|Any CPU.ActiveCfg = ReleaseStatic|Win32
		{17E73D7A-826C-44EA-BE1D-76E21093AE43}.ReleaseStatic|x64.ActiveCfg = ReleaseStatic|x64
		{17E73D7A-826C-44EA-BE1D-76E21093AE43}.ReleaseStatic|x64.Build.0 = ReleaseStatic|x64
		{17E73D7A-826C-44EA-BE1D-76E21093AE43}.ReleaseStatic|x86.ActiveCfg = ReleaseStatic|Win32
		{17E73D7A-826C-44EA-BE1D-76E21093AE43}.ReleaseStatic|x86.Build.0 = ReleaseStatic|Win32
		{50FA1D9F-E24B-4AB4-973A-F5873055E725}.Debug|Any CPU.ActiveCfg = Debug|Any CPU
		{50FA1D9F-E24B-4AB4-973A-F5873055E725}.Debug|x64.ActiveCfg = Debug|Any CPU
		{50FA1D9F-E24B-4AB4-973A-F5873055E725}.Debug|x86.ActiveCfg = Debug|Any CPU
		{50FA1D9F-E24B-4AB4-973A-F5873055E725}.DebugDLL|Any CPU.ActiveCfg = Debug|Any CPU
		{50FA1D9F-E24B-4AB4-973A-F5873055E725}.DebugDLL|x64.ActiveCfg = Debug|Any CPU
		{50FA1D9F-E24B-4AB4-973A-F5873055E725}.DebugDLL|x86.ActiveCfg = Debug|Any CPU
		{50FA1D9F-E24B-4AB4-973A-F5873055E725}.DebugStatic|Any CPU.ActiveCfg = Debug|Any CPU
		{50FA1D9F-E24B-4AB4-973A-F5873055E725}.DebugStatic|x64.ActiveCfg = Debug|Any CPU
		{50FA1D9F-E24B-4AB4-973A-F5873055E725}.DebugStatic|x86.ActiveCfg = Debug|Any CPU
		{50FA1D9F-E24B-4AB4-973A-F5873055E725}.Release|Any CPU.ActiveCfg = Release|Any CPU
		{50FA1D9F-E24B-4AB4-973A-F5873055E725}.Release|x64.ActiveCfg = Release|Any CPU
		{50FA1D9F-E24B-4AB4-973A-F5873055E725}.Release|x86.ActiveCfg = Release|Any CPU
		{50FA1D9F-E24B-4AB4-973A-F5873055E725}.ReleaseDLL|Any CPU.ActiveCfg = Release|Any CPU
		{50FA1D9F-E24B-4AB4-973A-F5873055E725}.ReleaseDLL|x64.ActiveCfg = Release|Any CPU
		{50FA1D9F-E24B-4AB4-973A-F5873055E725}.ReleaseDLL|x86.ActiveCfg = Release|Any CPU
		{50FA1D9F-E24B-4AB4-973A-F5873055E725}.ReleaseStatic|Any CPU.ActiveCfg = Release|Any CPU
		{50FA1D9F-E24B-4AB4-973A-F5873055E725}.ReleaseStatic|x64.ActiveCfg = Release|Any CPU
		{50FA1D9F-E24B-4AB4-973A-F5873055E725}.ReleaseStatic|x86.ActiveCfg = Release|Any CPU
		{04910267-5E21-4AEE-BDEE-E282854C9C80}.Debug|Any CPU.ActiveCfg = Debug|Win32
		{04910267-5E21-4AEE-BDEE-E282854C9C80}.Debug|x64.ActiveCfg = Debug|x64
		{04910267-5E21-4AEE-BDEE-E282854C9C80}.Debug|x64.Build.0 = Debug|x64
		{04910267-5E21-4AEE-BDEE-E282854C9C80}.Debug|x86.ActiveCfg = Debug|Win32
		{04910267-5E21-4AEE-BDEE-E282854C9C80}.Debug|x86.Build.0 = Debug|Win32
		{04910267-5E21-4AEE-BDEE-E282854C9C80}.DebugDLL|Any CPU.ActiveCfg = DebugDLL|Win32
		{04910267-5E21-4AEE-BDEE-E282854C9C80}.DebugDLL|x64.ActiveCfg = DebugDLL|x64
		{04910267-5E21-4AEE-BDEE-E282854C9C80}.DebugDLL|x64.Build.0 = DebugDLL|x64
		{04910267-5E21-4AEE-BDEE-E282854C9C80}.DebugDLL|x86.ActiveCfg = DebugDLL|Win32
		{04910267-5E21-4AEE-BDEE-E282854C9C80}.DebugDLL|x86.Build.0 = DebugDLL|Win32
		{04910267-5E21-4AEE-BDEE-E282854C9C80}.DebugStatic|Any CPU.ActiveCfg = DebugStatic|Win32
		{04910267-5E21-4AEE-BDEE-E282854C9C80}.DebugStatic|x64.ActiveCfg = DebugStatic|x64
		{04910267-5E21-4AEE-BDEE-E282854C9C80}.DebugStatic|x64.Build.0 = DebugStatic|x64
		{04910267-5E21-4AEE-BDEE-E282854C9C80}.DebugStatic|x86.ActiveCfg = DebugStatic|Win32
		{04910267-5E21-4AEE-BDEE-E282854C9C80}.DebugStatic|x86.Build.0 = DebugStatic|Win32
		{04910267-5E21-4AEE-BDEE-E282854C9C80}.Release|Any CPU.ActiveCfg = Release|Win32
		{04910267-5E21-4AEE-BDEE-E282854C9C80}.Release|x64.ActiveCfg = Release|x64
		{04910267-5E21-4AEE-BDEE-E282854C9C80}.Release|x64.Build.0 = Release|x64
		{04910267-5E21-4AEE-BDEE-E282854C9C80}.Release|x86.ActiveCfg = Release|Win32
		{04910267-5E21-4AEE-BDEE-E282854C9C80}.Release|x86.Build.0 = Release|Win32
		{04910267-5E21-4AEE-BDEE-E282854C9C80}.ReleaseDLL|Any CPU.ActiveCfg = ReleaseDLL|Win32
		{04910267-5E21-4AEE-BDEE-E282854C9C80}.ReleaseDLL|x64.ActiveCfg = ReleaseDLL|x64
		{04910267-5E21-4AEE-BDEE-E282854C9C80}.ReleaseDLL|x64.Build.0 = ReleaseDLL|x64
		{04910267-5E21-4AEE-BDEE-E282854C9C80}.ReleaseDLL|x86.ActiveCfg = ReleaseDLL|Win32
		{04910267-5E21-4AEE-BDEE-E282854C9C80}.ReleaseDLL|x86.Build.0 = ReleaseDLL|Win32
		{04910267-5E21-4AEE-BDEE-E282854C9C80}.ReleaseStatic|Any CPU.ActiveCfg = ReleaseStatic|Win32
		{04910267-5E21-4AEE-BDEE-E282854C9C80}.ReleaseStatic|x64.ActiveCfg = ReleaseStatic|x64
		{04910267-5E21-4AEE-BDEE-E282854C9C80}.ReleaseStatic|x64.Build.0 = ReleaseStatic|x64
		{04910267-5E21-4AEE-BDEE-E282854C9C80}.ReleaseStatic|x86.ActiveCfg = ReleaseStatic|Win32
		{04910267-5E21-4AEE-BDEE-E282854C9C80}.ReleaseStatic|x86.Build.0 = ReleaseStatic|Win32
		{9A39DC98-907F-408A-BF72-2804D1DAE446}.Debug|Any CPU.ActiveCfg = Debug|Win32
		{9A39DC98-907F-408A-BF72-2804D1DAE446}.Debug|x64.ActiveCfg = Debug|x64
		{9A39DC98-907F-408A-BF72-2804D1DAE446}.Debug|x64.Build.0 = Debug|x64
		{9A39DC98-907F-408A-BF72-2804D1DAE446}.Debug|x86.ActiveCfg = Debug|Win32
		{9A39DC98-907F-408A-BF72-2804D1DAE446}.Debug|x86.Build.0 = Debug|Win32
		{9A39DC98-907F-408A-BF72-2804D1DAE446}.DebugDLL|Any CPU.ActiveCfg = DebugDLL|Win32
		{9A39DC98-907F-408A-BF72-2804D1DAE446}.DebugDLL|x64.ActiveCfg = DebugDLL|x64
		{9A39DC98-907F-408A-BF72-2804D1DAE446}.DebugDLL|x64.Build.0 = DebugDLL|x64
		{9A39DC98-907F-408A-BF72-2804D1DAE446}.DebugDLL|x86.ActiveCfg = DebugDLL|Win32
		{9A39DC98-907F-408A-BF72-2804D1DAE446}.DebugDLL|x86.Build.0 = DebugDLL|Win32
		{9A39DC98-907F-408A-BF72-2804D1DAE446}.DebugStatic|Any CPU.ActiveCfg = DebugStatic|Win32
		{9A39DC98-907F-408A-BF72-2804D1DAE446}.DebugStatic|x64.ActiveCfg = DebugStatic|x64
		{9A39DC98-907F-408A-BF72-2804D1DAE446}.DebugStatic|x64.Build.0 = DebugStatic|x64
		{9A39DC98-907F-408A-BF72-2804D1DAE446}.DebugStatic|x86.ActiveCfg = DebugStatic|Win32
		{9A39DC98-907F-408A-BF72-2804D1DAE446}.DebugStatic|x86.Build.0 = DebugStatic|Win32
		{9A39DC98-907F-408A-BF72-2804D1DAE446}.Release|Any CPU.ActiveCfg = Release|Win32
		{9A39DC98-907F-408A-BF72-2804D1DAE446}.Release|x64.ActiveCfg = Release|x64
		{9A39DC98-907F-408A-BF72-2804D1DAE446}.Release|x64.Build.0 = Release|x64
		{9A39DC98-907F-408A-BF72-2804D1DAE446}.Release|x86.ActiveCfg = Release|Win32
		{9A39DC98-907F-408A-BF72-2804D1DAE446}.Release|x86.Build.0 = Release|Win32
		{9A39DC98-907F-408A-BF72-2804D1DAE446}.ReleaseDLL|Any CPU.ActiveCfg = DebugStatic|x64
		{9A39DC98-907F-408A-BF72-2804D1DAE446}.ReleaseDLL|Any CPU.Build.0 = DebugStatic|x64
		{9A39DC98-907F-408A-BF72-2804D1DAE446}.ReleaseDLL|x64.ActiveCfg = Release|x64
		{9A39DC98-907F-408A-BF72-2804D1DAE446}.ReleaseDLL|x64.Build.0 = Release|x64
		{9A39DC98-907F-408A-BF72-2804D1DAE446}.ReleaseDLL|x86.ActiveCfg = Release|Win32
		{9A39DC98-907F-408A-BF72-2804D1DAE446}.ReleaseDLL|x86.Build.0 = Release|Win32
		{9A39DC98-907F-408A-BF72-2804D1DAE446}.ReleaseStatic|Any CPU.ActiveCfg = ReleaseStatic|Win32
		{9A39DC98-907F-408A-BF72-2804D1DAE446}.ReleaseStatic|x64.ActiveCfg = ReleaseStatic|x64
		{9A39DC98-907F-408A-BF72-2804D1DAE446}.ReleaseStatic|x64.Build.0 = ReleaseStatic|x64
		{9A39DC98-907F-408A-BF72-2804D1DAE446}.ReleaseStatic|x86.ActiveCfg = ReleaseStatic|Win32
		{9A39DC98-907F-408A-BF72-2804D1DAE446}.ReleaseStatic|x86.Build.0 = ReleaseStatic|Win32
	EndGlobalSection
	GlobalSection(SolutionProperties) = preSolution
		HideSolutionNode = FALSE
	EndGlobalSection
	GlobalSection(NestedProjects) = preSolution
		{04910267-5E21-4AEE-BDEE-E282854C9C80} = {27D782EE-A36E-450A-AC72-582FB6122719}
		{9A39DC98-907F-408A-BF72-2804D1DAE446} = {27D782EE-A36E-450A-AC72-582FB6122719}
	EndGlobalSection
EndGlobal
